// !$*UTF8*$!
{
	archiveVersion = 1;
	classes = {
	};
	objectVersion = 50;
	objects = {

/* Begin PBXBuildFile section */
		B508561625FE161900EFD69B /* FactoryViewControllers.swift in Sources */ = {isa = PBXBuildFile; fileRef = B508561525FE161900EFD69B /* FactoryViewControllers.swift */; };
		B52F5780260661EA003FFF06 /* SBViewController.swift in Sources */ = {isa = PBXBuildFile; fileRef = B5F896F625F4460400728327 /* SBViewController.swift */; };
		B52F5787260661EE003FFF06 /* SBButton.swift in Sources */ = {isa = PBXBuildFile; fileRef = B5F896FA25F4461700728327 /* SBButton.swift */; };
		B52F578C260661F1003FFF06 /* SBLabel.swift in Sources */ = {isa = PBXBuildFile; fileRef = B5F896FD25F4462C00728327 /* SBLabel.swift */; };
		B52F579726066305003FFF06 /* TestViewController.swift in Sources */ = {isa = PBXBuildFile; fileRef = B52F579626066305003FFF06 /* TestViewController.swift */; };
		B52F579F2606633F003FFF06 /* ProfileViewController.swift in Sources */ = {isa = PBXBuildFile; fileRef = B52F579E2606633F003FFF06 /* ProfileViewController.swift */; };
		B52F57A42606639A003FFF06 /* SBImage.swift in Sources */ = {isa = PBXBuildFile; fileRef = B52F57A32606639A003FFF06 /* SBImage.swift */; };
		B52F57AA26066457003FFF06 /* SBTabBarController.swift in Sources */ = {isa = PBXBuildFile; fileRef = B52F57A926066457003FFF06 /* SBTabBarController.swift */; };
		B52F57AE2606650C003FFF06 /* MainController.swift in Sources */ = {isa = PBXBuildFile; fileRef = B52F57AD2606650C003FFF06 /* MainController.swift */; };
		B52F57B226066532003FFF06 /* MainOutput.swift in Sources */ = {isa = PBXBuildFile; fileRef = B52F57B126066532003FFF06 /* MainOutput.swift */; };
		B52F57B626066634003FFF06 /* SBIcon.swift in Sources */ = {isa = PBXBuildFile; fileRef = B52F57B526066634003FFF06 /* SBIcon.swift */; };
		B52F57BE2606676A003FFF06 /* SBBrowserController.swift in Sources */ = {isa = PBXBuildFile; fileRef = B52F57BD2606676A003FFF06 /* SBBrowserController.swift */; };
		B52F57DC260693F5003FFF06 /* HermesData.swift in Sources */ = {isa = PBXBuildFile; fileRef = B52F57DB260693F5003FFF06 /* HermesData.swift */; };
		B52F57E3260697A8003FFF06 /* HermesError.swift in Sources */ = {isa = PBXBuildFile; fileRef = B5F896D125F427C800728327 /* HermesError.swift */; };
		B52F57E8260697AD003FFF06 /* HermesMethod.swift in Sources */ = {isa = PBXBuildFile; fileRef = B5F896CD25F41B8A00728327 /* HermesMethod.swift */; };
		B52F57ED260697B4003FFF06 /* HermesRequest.swift in Sources */ = {isa = PBXBuildFile; fileRef = B5F896C225F418C300728327 /* HermesRequest.swift */; };
		B52F57F2260697B7003FFF06 /* HermesClient.swift in Sources */ = {isa = PBXBuildFile; fileRef = B5F896C625F418D300728327 /* HermesClient.swift */; };
		B52F58172606A4DB003FFF06 /* APIUser.swift in Sources */ = {isa = PBXBuildFile; fileRef = B52F58162606A4DB003FFF06 /* APIUser.swift */; };
		B535F04326076C2600C48BC4 /* UserInteractor.swift in Sources */ = {isa = PBXBuildFile; fileRef = B535F04226076C2600C48BC4 /* UserInteractor.swift */; };
		B535F051260780D900C48BC4 /* APIResponse.swift in Sources */ = {isa = PBXBuildFile; fileRef = B535F050260780D900C48BC4 /* APIResponse.swift */; };
		B535F0612607985A00C48BC4 /* CSRFStorage.swift in Sources */ = {isa = PBXBuildFile; fileRef = B535F0602607985A00C48BC4 /* CSRFStorage.swift */; };
		B537F64925F25C8A00B51383 /* AppDelegate.swift in Sources */ = {isa = PBXBuildFile; fileRef = B537F64825F25C8A00B51383 /* AppDelegate.swift */; };
		B537F64B25F25C8A00B51383 /* SceneDelegate.swift in Sources */ = {isa = PBXBuildFile; fileRef = B537F64A25F25C8A00B51383 /* SceneDelegate.swift */; };
		B537F65225F25C9700B51383 /* Assets.xcassets in Resources */ = {isa = PBXBuildFile; fileRef = B537F65125F25C9700B51383 /* Assets.xcassets */; };
		B537F65525F25C9700B51383 /* LaunchScreen.storyboard in Resources */ = {isa = PBXBuildFile; fileRef = B537F65325F25C9700B51383 /* LaunchScreen.storyboard */; };
		B563054025F45A0F00A9ED21 /* Hermes.h in Headers */ = {isa = PBXBuildFile; fileRef = B563053E25F45A0F00A9ED21 /* Hermes.h */; settings = {ATTRIBUTES = (Public, ); }; };
		B563054325F45A0F00A9ED21 /* Hermes.framework in Frameworks */ = {isa = PBXBuildFile; fileRef = B563053C25F45A0F00A9ED21 /* Hermes.framework */; };
		B563054425F45A0F00A9ED21 /* Hermes.framework in Embed Frameworks */ = {isa = PBXBuildFile; fileRef = B563053C25F45A0F00A9ED21 /* Hermes.framework */; settings = {ATTRIBUTES = (CodeSignOnCopy, RemoveHeadersOnCopy, ); }; };
		B563055525F45ADC00A9ED21 /* Botticelli.h in Headers */ = {isa = PBXBuildFile; fileRef = B563055325F45ADC00A9ED21 /* Botticelli.h */; settings = {ATTRIBUTES = (Public, ); }; };
		B563055825F45ADC00A9ED21 /* Botticelli.framework in Frameworks */ = {isa = PBXBuildFile; fileRef = B563055125F45ADC00A9ED21 /* Botticelli.framework */; };
		B563055925F45ADC00A9ED21 /* Botticelli.framework in Embed Frameworks */ = {isa = PBXBuildFile; fileRef = B563055125F45ADC00A9ED21 /* Botticelli.framework */; settings = {ATTRIBUTES = (CodeSignOnCopy, RemoveHeadersOnCopy, ); }; };
/* End PBXBuildFile section */

/* Begin PBXContainerItemProxy section */
		B563054125F45A0F00A9ED21 /* PBXContainerItemProxy */ = {
			isa = PBXContainerItemProxy;
			containerPortal = B537F63D25F25C8A00B51383 /* Project object */;
			proxyType = 1;
			remoteGlobalIDString = B563053B25F45A0F00A9ED21;
			remoteInfo = Hermes;
		};
		B563055625F45ADC00A9ED21 /* PBXContainerItemProxy */ = {
			isa = PBXContainerItemProxy;
			containerPortal = B537F63D25F25C8A00B51383 /* Project object */;
			proxyType = 1;
			remoteGlobalIDString = B563055025F45ADC00A9ED21;
			remoteInfo = Botticelli;
		};
/* End PBXContainerItemProxy section */

/* Begin PBXCopyFilesBuildPhase section */
		B563054525F45A0F00A9ED21 /* Embed Frameworks */ = {
			isa = PBXCopyFilesBuildPhase;
			buildActionMask = 2147483647;
			dstPath = "";
			dstSubfolderSpec = 10;
			files = (
				B563054425F45A0F00A9ED21 /* Hermes.framework in Embed Frameworks */,
				B563055925F45ADC00A9ED21 /* Botticelli.framework in Embed Frameworks */,
			);
			name = "Embed Frameworks";
			runOnlyForDeploymentPostprocessing = 0;
		};
/* End PBXCopyFilesBuildPhase section */

/* Begin PBXFileReference section */
		B508561525FE161900EFD69B /* FactoryViewControllers.swift */ = {isa = PBXFileReference; lastKnownFileType = sourcecode.swift; path = FactoryViewControllers.swift; sourceTree = "<group>"; };
		B52F579626066305003FFF06 /* TestViewController.swift */ = {isa = PBXFileReference; lastKnownFileType = sourcecode.swift; path = TestViewController.swift; sourceTree = "<group>"; };
		B52F579E2606633F003FFF06 /* ProfileViewController.swift */ = {isa = PBXFileReference; lastKnownFileType = sourcecode.swift; path = ProfileViewController.swift; sourceTree = "<group>"; };
		B52F57A32606639A003FFF06 /* SBImage.swift */ = {isa = PBXFileReference; lastKnownFileType = sourcecode.swift; path = SBImage.swift; sourceTree = "<group>"; };
		B52F57A926066457003FFF06 /* SBTabBarController.swift */ = {isa = PBXFileReference; lastKnownFileType = sourcecode.swift; path = SBTabBarController.swift; sourceTree = "<group>"; };
		B52F57AD2606650C003FFF06 /* MainController.swift */ = {isa = PBXFileReference; lastKnownFileType = sourcecode.swift; path = MainController.swift; sourceTree = "<group>"; };
		B52F57B126066532003FFF06 /* MainOutput.swift */ = {isa = PBXFileReference; lastKnownFileType = sourcecode.swift; path = MainOutput.swift; sourceTree = "<group>"; };
		B52F57B526066634003FFF06 /* SBIcon.swift */ = {isa = PBXFileReference; lastKnownFileType = sourcecode.swift; path = SBIcon.swift; sourceTree = "<group>"; };
		B52F57BD2606676A003FFF06 /* SBBrowserController.swift */ = {isa = PBXFileReference; lastKnownFileType = sourcecode.swift; path = SBBrowserController.swift; sourceTree = "<group>"; };
		B52F57DB260693F5003FFF06 /* HermesData.swift */ = {isa = PBXFileReference; lastKnownFileType = sourcecode.swift; path = HermesData.swift; sourceTree = "<group>"; };
		B52F58162606A4DB003FFF06 /* APIUser.swift */ = {isa = PBXFileReference; lastKnownFileType = sourcecode.swift; path = APIUser.swift; sourceTree = "<group>"; };
		B535F04226076C2600C48BC4 /* UserInteractor.swift */ = {isa = PBXFileReference; lastKnownFileType = sourcecode.swift; path = UserInteractor.swift; sourceTree = "<group>"; };
		B535F050260780D900C48BC4 /* APIResponse.swift */ = {isa = PBXFileReference; lastKnownFileType = sourcecode.swift; path = APIResponse.swift; sourceTree = "<group>"; };
		B535F0602607985A00C48BC4 /* CSRFStorage.swift */ = {isa = PBXFileReference; lastKnownFileType = sourcecode.swift; path = CSRFStorage.swift; sourceTree = "<group>"; };
		B537F64525F25C8A00B51383 /* FlicksBox.app */ = {isa = PBXFileReference; explicitFileType = wrapper.application; includeInIndex = 0; path = FlicksBox.app; sourceTree = BUILT_PRODUCTS_DIR; };
		B537F64825F25C8A00B51383 /* AppDelegate.swift */ = {isa = PBXFileReference; lastKnownFileType = sourcecode.swift; path = AppDelegate.swift; sourceTree = "<group>"; };
		B537F64A25F25C8A00B51383 /* SceneDelegate.swift */ = {isa = PBXFileReference; lastKnownFileType = sourcecode.swift; path = SceneDelegate.swift; sourceTree = "<group>"; };
		B537F65125F25C9700B51383 /* Assets.xcassets */ = {isa = PBXFileReference; lastKnownFileType = folder.assetcatalog; path = Assets.xcassets; sourceTree = "<group>"; };
		B537F65425F25C9700B51383 /* Base */ = {isa = PBXFileReference; lastKnownFileType = file.storyboard; name = Base; path = Base.lproj/LaunchScreen.storyboard; sourceTree = "<group>"; };
		B537F65625F25C9700B51383 /* Info.plist */ = {isa = PBXFileReference; lastKnownFileType = text.plist.xml; path = Info.plist; sourceTree = "<group>"; };
		B563053C25F45A0F00A9ED21 /* Hermes.framework */ = {isa = PBXFileReference; explicitFileType = wrapper.framework; includeInIndex = 0; path = Hermes.framework; sourceTree = BUILT_PRODUCTS_DIR; };
		B563053E25F45A0F00A9ED21 /* Hermes.h */ = {isa = PBXFileReference; lastKnownFileType = sourcecode.c.h; path = Hermes.h; sourceTree = "<group>"; };
		B563053F25F45A0F00A9ED21 /* Info.plist */ = {isa = PBXFileReference; lastKnownFileType = text.plist.xml; path = Info.plist; sourceTree = "<group>"; };
		B563055125F45ADC00A9ED21 /* Botticelli.framework */ = {isa = PBXFileReference; explicitFileType = wrapper.framework; includeInIndex = 0; path = Botticelli.framework; sourceTree = BUILT_PRODUCTS_DIR; };
		B563055325F45ADC00A9ED21 /* Botticelli.h */ = {isa = PBXFileReference; lastKnownFileType = sourcecode.c.h; path = Botticelli.h; sourceTree = "<group>"; };
		B563055425F45ADC00A9ED21 /* Info.plist */ = {isa = PBXFileReference; lastKnownFileType = text.plist.xml; path = Info.plist; sourceTree = "<group>"; };
		B5F896C225F418C300728327 /* HermesRequest.swift */ = {isa = PBXFileReference; lastKnownFileType = sourcecode.swift; path = HermesRequest.swift; sourceTree = "<group>"; };
		B5F896C625F418D300728327 /* HermesClient.swift */ = {isa = PBXFileReference; lastKnownFileType = sourcecode.swift; path = HermesClient.swift; sourceTree = "<group>"; };
		B5F896CD25F41B8A00728327 /* HermesMethod.swift */ = {isa = PBXFileReference; lastKnownFileType = sourcecode.swift; path = HermesMethod.swift; sourceTree = "<group>"; };
		B5F896D125F427C800728327 /* HermesError.swift */ = {isa = PBXFileReference; lastKnownFileType = sourcecode.swift; path = HermesError.swift; sourceTree = "<group>"; };
		B5F896F625F4460400728327 /* SBViewController.swift */ = {isa = PBXFileReference; lastKnownFileType = sourcecode.swift; path = SBViewController.swift; sourceTree = "<group>"; };
		B5F896FA25F4461700728327 /* SBButton.swift */ = {isa = PBXFileReference; lastKnownFileType = sourcecode.swift; path = SBButton.swift; sourceTree = "<group>"; };
		B5F896FD25F4462C00728327 /* SBLabel.swift */ = {isa = PBXFileReference; lastKnownFileType = sourcecode.swift; path = SBLabel.swift; sourceTree = "<group>"; };
/* End PBXFileReference section */

/* Begin PBXFrameworksBuildPhase section */
		B537F64225F25C8A00B51383 /* Frameworks */ = {
			isa = PBXFrameworksBuildPhase;
			buildActionMask = 2147483647;
			files = (
				B563054325F45A0F00A9ED21 /* Hermes.framework in Frameworks */,
				B563055825F45ADC00A9ED21 /* Botticelli.framework in Frameworks */,
			);
			runOnlyForDeploymentPostprocessing = 0;
		};
		B563053925F45A0F00A9ED21 /* Frameworks */ = {
			isa = PBXFrameworksBuildPhase;
			buildActionMask = 2147483647;
			files = (
			);
			runOnlyForDeploymentPostprocessing = 0;
		};
		B563054E25F45ADC00A9ED21 /* Frameworks */ = {
			isa = PBXFrameworksBuildPhase;
			buildActionMask = 2147483647;
			files = (
			);
			runOnlyForDeploymentPostprocessing = 0;
		};
/* End PBXFrameworksBuildPhase section */

/* Begin PBXGroup section */
		B508561125FE15F900EFD69B /* ViewControllers */ = {
			isa = PBXGroup;
			children = (
				B508561525FE161900EFD69B /* FactoryViewControllers.swift */,
				B52F5793260662C9003FFF06 /* Main */,
				B52F5792260662C1003FFF06 /* Test */,
				B52F5791260662B2003FFF06 /* Profile */,
			);
			path = ViewControllers;
			sourceTree = "<group>";
		};
		B52F5791260662B2003FFF06 /* Profile */ = {
			isa = PBXGroup;
			children = (
				B52F579E2606633F003FFF06 /* ProfileViewController.swift */,
			);
			path = Profile;
			sourceTree = "<group>";
		};
		B52F5792260662C1003FFF06 /* Test */ = {
			isa = PBXGroup;
			children = (
				B52F579626066305003FFF06 /* TestViewController.swift */,
			);
			path = Test;
			sourceTree = "<group>";
		};
		B52F5793260662C9003FFF06 /* Main */ = {
			isa = PBXGroup;
			children = (
				B52F57AD2606650C003FFF06 /* MainController.swift */,
				B52F57B126066532003FFF06 /* MainOutput.swift */,
			);
			path = Main;
			sourceTree = "<group>";
		};
		B52F57A226066388003FFF06 /* Image */ = {
			isa = PBXGroup;
			children = (
				B52F57A32606639A003FFF06 /* SBImage.swift */,
				B52F57B526066634003FFF06 /* SBIcon.swift */,
			);
			path = Image;
			sourceTree = "<group>";
		};
		B52F580C26069B42003FFF06 /* APILayer */ = {
			isa = PBXGroup;
			children = (
				B535F04126076C0C00C48BC4 /* Interactors */,
				B52F58152606A4B1003FFF06 /* Entities */,
				B535F05F2607984300C48BC4 /* Storages */,
			);
			path = APILayer;
			sourceTree = "<group>";
		};
		B52F58152606A4B1003FFF06 /* Entities */ = {
			isa = PBXGroup;
			children = (
				B535F050260780D900C48BC4 /* APIResponse.swift */,
				B52F58162606A4DB003FFF06 /* APIUser.swift */,
			);
			path = Entities;
			sourceTree = "<group>";
		};
		B535F04126076C0C00C48BC4 /* Interactors */ = {
			isa = PBXGroup;
			children = (
				B535F04226076C2600C48BC4 /* UserInteractor.swift */,
			);
			path = Interactors;
			sourceTree = "<group>";
		};
		B535F05F2607984300C48BC4 /* Storages */ = {
			isa = PBXGroup;
			children = (
				B535F0602607985A00C48BC4 /* CSRFStorage.swift */,
			);
			path = Storages;
			sourceTree = "<group>";
		};
		B537F63C25F25C8A00B51383 = {
			isa = PBXGroup;
			children = (
				B537F64725F25C8A00B51383 /* FlicksBox */,
				B563053D25F45A0F00A9ED21 /* Hermes */,
				B563055225F45ADC00A9ED21 /* Botticelli */,
				B537F64625F25C8A00B51383 /* Products */,
			);
			sourceTree = "<group>";
		};
		B537F64625F25C8A00B51383 /* Products */ = {
			isa = PBXGroup;
			children = (
				B537F64525F25C8A00B51383 /* FlicksBox.app */,
				B563053C25F45A0F00A9ED21 /* Hermes.framework */,
				B563055125F45ADC00A9ED21 /* Botticelli.framework */,
			);
			name = Products;
			sourceTree = "<group>";
		};
		B537F64725F25C8A00B51383 /* FlicksBox */ = {
			isa = PBXGroup;
			children = (
				B52F580C26069B42003FFF06 /* APILayer */,
				B508561125FE15F900EFD69B /* ViewControllers */,
				B537F64825F25C8A00B51383 /* AppDelegate.swift */,
				B537F64A25F25C8A00B51383 /* SceneDelegate.swift */,
				B537F65125F25C9700B51383 /* Assets.xcassets */,
				B537F65325F25C9700B51383 /* LaunchScreen.storyboard */,
				B537F65625F25C9700B51383 /* Info.plist */,
			);
			path = FlicksBox;
			sourceTree = "<group>";
		};
		B563053D25F45A0F00A9ED21 /* Hermes */ = {
			isa = PBXGroup;
			children = (
				B563054A25F45A2D00A9ED21 /* Sources */,
				B563053E25F45A0F00A9ED21 /* Hermes.h */,
				B563053F25F45A0F00A9ED21 /* Info.plist */,
			);
			path = Hermes;
			sourceTree = "<group>";
		};
		B563054A25F45A2D00A9ED21 /* Sources */ = {
			isa = PBXGroup;
			children = (
				B5F896CD25F41B8A00728327 /* HermesMethod.swift */,
				B5F896D125F427C800728327 /* HermesError.swift */,
				B52F57DB260693F5003FFF06 /* HermesData.swift */,
				B5F896C225F418C300728327 /* HermesRequest.swift */,
				B5F896C625F418D300728327 /* HermesClient.swift */,
			);
			path = Sources;
			sourceTree = "<group>";
		};
		B563055225F45ADC00A9ED21 /* Botticelli */ = {
			isa = PBXGroup;
			children = (
				B563055F25F45AE200A9ED21 /* Sources */,
				B563055325F45ADC00A9ED21 /* Botticelli.h */,
				B563055425F45ADC00A9ED21 /* Info.plist */,
			);
			path = Botticelli;
			sourceTree = "<group>";
		};
		B563055F25F45AE200A9ED21 /* Sources */ = {
			isa = PBXGroup;
			children = (
				B52F57A226066388003FFF06 /* Image */,
				B5F896F525F445DE00728327 /* ViewController */,
				B5F896F325F445CE00728327 /* Button */,
				B5F896F425F445D600728327 /* Label */,
			);
			path = Sources;
			sourceTree = "<group>";
		};
		B5F896F325F445CE00728327 /* Button */ = {
			isa = PBXGroup;
			children = (
				B5F896FA25F4461700728327 /* SBButton.swift */,
			);
			path = Button;
			sourceTree = "<group>";
		};
		B5F896F425F445D600728327 /* Label */ = {
			isa = PBXGroup;
			children = (
				B5F896FD25F4462C00728327 /* SBLabel.swift */,
			);
			path = Label;
			sourceTree = "<group>";
		};
		B5F896F525F445DE00728327 /* ViewController */ = {
			isa = PBXGroup;
			children = (
				B5F896F625F4460400728327 /* SBViewController.swift */,
				B52F57A926066457003FFF06 /* SBTabBarController.swift */,
				B52F57BD2606676A003FFF06 /* SBBrowserController.swift */,
			);
			path = ViewController;
			sourceTree = "<group>";
		};
/* End PBXGroup section */

/* Begin PBXHeadersBuildPhase section */
		B563053725F45A0F00A9ED21 /* Headers */ = {
			isa = PBXHeadersBuildPhase;
			buildActionMask = 2147483647;
			files = (
				B563054025F45A0F00A9ED21 /* Hermes.h in Headers */,
			);
			runOnlyForDeploymentPostprocessing = 0;
		};
		B563054C25F45ADC00A9ED21 /* Headers */ = {
			isa = PBXHeadersBuildPhase;
			buildActionMask = 2147483647;
			files = (
				B563055525F45ADC00A9ED21 /* Botticelli.h in Headers */,
			);
			runOnlyForDeploymentPostprocessing = 0;
		};
/* End PBXHeadersBuildPhase section */

/* Begin PBXNativeTarget section */
		B537F64425F25C8A00B51383 /* FlicksBox */ = {
			isa = PBXNativeTarget;
			buildConfigurationList = B537F65925F25C9700B51383 /* Build configuration list for PBXNativeTarget "FlicksBox" */;
			buildPhases = (
				B537F64125F25C8A00B51383 /* Sources */,
				B537F64225F25C8A00B51383 /* Frameworks */,
				B537F64325F25C8A00B51383 /* Resources */,
				B563054525F45A0F00A9ED21 /* Embed Frameworks */,
			);
			buildRules = (
			);
			dependencies = (
				B563054225F45A0F00A9ED21 /* PBXTargetDependency */,
				B563055725F45ADC00A9ED21 /* PBXTargetDependency */,
			);
			name = FlicksBox;
			productName = FlicksBox;
			productReference = B537F64525F25C8A00B51383 /* FlicksBox.app */;
			productType = "com.apple.product-type.application";
		};
		B563053B25F45A0F00A9ED21 /* Hermes */ = {
			isa = PBXNativeTarget;
			buildConfigurationList = B563054825F45A0F00A9ED21 /* Build configuration list for PBXNativeTarget "Hermes" */;
			buildPhases = (
				B563053725F45A0F00A9ED21 /* Headers */,
				B563053825F45A0F00A9ED21 /* Sources */,
				B563053925F45A0F00A9ED21 /* Frameworks */,
				B563053A25F45A0F00A9ED21 /* Resources */,
			);
			buildRules = (
			);
			dependencies = (
			);
			name = Hermes;
			productName = Hermes;
			productReference = B563053C25F45A0F00A9ED21 /* Hermes.framework */;
			productType = "com.apple.product-type.framework";
		};
		B563055025F45ADC00A9ED21 /* Botticelli */ = {
			isa = PBXNativeTarget;
			buildConfigurationList = B563055A25F45ADC00A9ED21 /* Build configuration list for PBXNativeTarget "Botticelli" */;
			buildPhases = (
				B563054C25F45ADC00A9ED21 /* Headers */,
				B563054D25F45ADC00A9ED21 /* Sources */,
				B563054E25F45ADC00A9ED21 /* Frameworks */,
				B563054F25F45ADC00A9ED21 /* Resources */,
			);
			buildRules = (
			);
			dependencies = (
			);
			name = Botticelli;
			productName = Botticelli;
			productReference = B563055125F45ADC00A9ED21 /* Botticelli.framework */;
			productType = "com.apple.product-type.framework";
		};
/* End PBXNativeTarget section */

/* Begin PBXProject section */
		B537F63D25F25C8A00B51383 /* Project object */ = {
			isa = PBXProject;
			attributes = {
				LastSwiftUpdateCheck = 1240;
				LastUpgradeCheck = 1240;
				TargetAttributes = {
					B537F64425F25C8A00B51383 = {
						CreatedOnToolsVersion = 12.4;
					};
					B563053B25F45A0F00A9ED21 = {
						CreatedOnToolsVersion = 12.4;
						LastSwiftMigration = 1240;
					};
					B563055025F45ADC00A9ED21 = {
						CreatedOnToolsVersion = 12.4;
					};
				};
			};
			buildConfigurationList = B537F64025F25C8A00B51383 /* Build configuration list for PBXProject "FlicksBox" */;
			compatibilityVersion = "Xcode 9.3";
			developmentRegion = en;
			hasScannedForEncodings = 0;
			knownRegions = (
				en,
				Base,
			);
			mainGroup = B537F63C25F25C8A00B51383;
			productRefGroup = B537F64625F25C8A00B51383 /* Products */;
			projectDirPath = "";
			projectRoot = "";
			targets = (
				B537F64425F25C8A00B51383 /* FlicksBox */,
				B563053B25F45A0F00A9ED21 /* Hermes */,
				B563055025F45ADC00A9ED21 /* Botticelli */,
			);
		};
/* End PBXProject section */

/* Begin PBXResourcesBuildPhase section */
		B537F64325F25C8A00B51383 /* Resources */ = {
			isa = PBXResourcesBuildPhase;
			buildActionMask = 2147483647;
			files = (
				B537F65525F25C9700B51383 /* LaunchScreen.storyboard in Resources */,
				B537F65225F25C9700B51383 /* Assets.xcassets in Resources */,
			);
			runOnlyForDeploymentPostprocessing = 0;
		};
		B563053A25F45A0F00A9ED21 /* Resources */ = {
			isa = PBXResourcesBuildPhase;
			buildActionMask = 2147483647;
			files = (
			);
			runOnlyForDeploymentPostprocessing = 0;
		};
		B563054F25F45ADC00A9ED21 /* Resources */ = {
			isa = PBXResourcesBuildPhase;
			buildActionMask = 2147483647;
			files = (
			);
			runOnlyForDeploymentPostprocessing = 0;
		};
/* End PBXResourcesBuildPhase section */

/* Begin PBXSourcesBuildPhase section */
		B537F64125F25C8A00B51383 /* Sources */ = {
			isa = PBXSourcesBuildPhase;
			buildActionMask = 2147483647;
			files = (
				B535F0612607985A00C48BC4 /* CSRFStorage.swift in Sources */,
				B52F579726066305003FFF06 /* TestViewController.swift in Sources */,
				B535F04326076C2600C48BC4 /* UserInteractor.swift in Sources */,
				B52F57B226066532003FFF06 /* MainOutput.swift in Sources */,
				B508561625FE161900EFD69B /* FactoryViewControllers.swift in Sources */,
				B52F579F2606633F003FFF06 /* ProfileViewController.swift in Sources */,
				B535F051260780D900C48BC4 /* APIResponse.swift in Sources */,
				B537F64925F25C8A00B51383 /* AppDelegate.swift in Sources */,
				B52F57AE2606650C003FFF06 /* MainController.swift in Sources */,
				B537F64B25F25C8A00B51383 /* SceneDelegate.swift in Sources */,
				B52F58172606A4DB003FFF06 /* APIUser.swift in Sources */,
			);
			runOnlyForDeploymentPostprocessing = 0;
		};
		B563053825F45A0F00A9ED21 /* Sources */ = {
			isa = PBXSourcesBuildPhase;
			buildActionMask = 2147483647;
			files = (
				B52F57E3260697A8003FFF06 /* HermesError.swift in Sources */,
				B52F57DC260693F5003FFF06 /* HermesData.swift in Sources */,
				B52F57F2260697B7003FFF06 /* HermesClient.swift in Sources */,
				B52F57E8260697AD003FFF06 /* HermesMethod.swift in Sources */,
				B52F57ED260697B4003FFF06 /* HermesRequest.swift in Sources */,
			);
			runOnlyForDeploymentPostprocessing = 0;
		};
		B563054D25F45ADC00A9ED21 /* Sources */ = {
			isa = PBXSourcesBuildPhase;
			buildActionMask = 2147483647;
			files = (
				B52F57A42606639A003FFF06 /* SBImage.swift in Sources */,
				B52F57AA26066457003FFF06 /* SBTabBarController.swift in Sources */,
				B52F5780260661EA003FFF06 /* SBViewController.swift in Sources */,
				B52F57B626066634003FFF06 /* SBIcon.swift in Sources */,
				B52F578C260661F1003FFF06 /* SBLabel.swift in Sources */,
				B52F5787260661EE003FFF06 /* SBButton.swift in Sources */,
				B52F57BE2606676A003FFF06 /* SBBrowserController.swift in Sources */,
			);
			runOnlyForDeploymentPostprocessing = 0;
		};
/* End PBXSourcesBuildPhase section */

/* Begin PBXTargetDependency section */
		B563054225F45A0F00A9ED21 /* PBXTargetDependency */ = {
			isa = PBXTargetDependency;
			target = B563053B25F45A0F00A9ED21 /* Hermes */;
			targetProxy = B563054125F45A0F00A9ED21 /* PBXContainerItemProxy */;
		};
		B563055725F45ADC00A9ED21 /* PBXTargetDependency */ = {
			isa = PBXTargetDependency;
			target = B563055025F45ADC00A9ED21 /* Botticelli */;
			targetProxy = B563055625F45ADC00A9ED21 /* PBXContainerItemProxy */;
		};
/* End PBXTargetDependency section */

/* Begin PBXVariantGroup section */
		B537F65325F25C9700B51383 /* LaunchScreen.storyboard */ = {
			isa = PBXVariantGroup;
			children = (
				B537F65425F25C9700B51383 /* Base */,
			);
			name = LaunchScreen.storyboard;
			sourceTree = "<group>";
		};
/* End PBXVariantGroup section */

/* Begin XCBuildConfiguration section */
		B537F65725F25C9700B51383 /* Debug */ = {
			isa = XCBuildConfiguration;
			buildSettings = {
				ALWAYS_SEARCH_USER_PATHS = NO;
				CLANG_ANALYZER_NONNULL = YES;
				CLANG_ANALYZER_NUMBER_OBJECT_CONVERSION = YES_AGGRESSIVE;
				CLANG_CXX_LANGUAGE_STANDARD = "gnu++14";
				CLANG_CXX_LIBRARY = "libc++";
				CLANG_ENABLE_MODULES = YES;
				CLANG_ENABLE_OBJC_ARC = YES;
				CLANG_ENABLE_OBJC_WEAK = YES;
				CLANG_WARN_BLOCK_CAPTURE_AUTORELEASING = YES;
				CLANG_WARN_BOOL_CONVERSION = YES;
				CLANG_WARN_COMMA = YES;
				CLANG_WARN_CONSTANT_CONVERSION = YES;
				CLANG_WARN_DEPRECATED_OBJC_IMPLEMENTATIONS = YES;
				CLANG_WARN_DIRECT_OBJC_ISA_USAGE = YES_ERROR;
				CLANG_WARN_DOCUMENTATION_COMMENTS = YES;
				CLANG_WARN_EMPTY_BODY = YES;
				CLANG_WARN_ENUM_CONVERSION = YES;
				CLANG_WARN_INFINITE_RECURSION = YES;
				CLANG_WARN_INT_CONVERSION = YES;
				CLANG_WARN_NON_LITERAL_NULL_CONVERSION = YES;
				CLANG_WARN_OBJC_IMPLICIT_RETAIN_SELF = YES;
				CLANG_WARN_OBJC_LITERAL_CONVERSION = YES;
				CLANG_WARN_OBJC_ROOT_CLASS = YES_ERROR;
				CLANG_WARN_QUOTED_INCLUDE_IN_FRAMEWORK_HEADER = YES;
				CLANG_WARN_RANGE_LOOP_ANALYSIS = YES;
				CLANG_WARN_STRICT_PROTOTYPES = YES;
				CLANG_WARN_SUSPICIOUS_MOVE = YES;
				CLANG_WARN_UNGUARDED_AVAILABILITY = YES_AGGRESSIVE;
				CLANG_WARN_UNREACHABLE_CODE = YES;
				CLANG_WARN__DUPLICATE_METHOD_MATCH = YES;
				COPY_PHASE_STRIP = NO;
				DEBUG_INFORMATION_FORMAT = dwarf;
				ENABLE_STRICT_OBJC_MSGSEND = YES;
				ENABLE_TESTABILITY = YES;
				GCC_C_LANGUAGE_STANDARD = gnu11;
				GCC_DYNAMIC_NO_PIC = NO;
				GCC_NO_COMMON_BLOCKS = YES;
				GCC_OPTIMIZATION_LEVEL = 0;
				GCC_PREPROCESSOR_DEFINITIONS = (
					"DEBUG=1",
					"$(inherited)",
				);
				GCC_WARN_64_TO_32_BIT_CONVERSION = YES;
				GCC_WARN_ABOUT_RETURN_TYPE = YES_ERROR;
				GCC_WARN_UNDECLARED_SELECTOR = YES;
				GCC_WARN_UNINITIALIZED_AUTOS = YES_AGGRESSIVE;
				GCC_WARN_UNUSED_FUNCTION = YES;
				GCC_WARN_UNUSED_VARIABLE = YES;
				IPHONEOS_DEPLOYMENT_TARGET = 14.4;
				MTL_ENABLE_DEBUG_INFO = INCLUDE_SOURCE;
				MTL_FAST_MATH = YES;
				ONLY_ACTIVE_ARCH = YES;
				SDKROOT = iphoneos;
				SWIFT_ACTIVE_COMPILATION_CONDITIONS = DEBUG;
				SWIFT_OPTIMIZATION_LEVEL = "-Onone";
			};
			name = Debug;
		};
		B537F65825F25C9700B51383 /* Release */ = {
			isa = XCBuildConfiguration;
			buildSettings = {
				ALWAYS_SEARCH_USER_PATHS = NO;
				CLANG_ANALYZER_NONNULL = YES;
				CLANG_ANALYZER_NUMBER_OBJECT_CONVERSION = YES_AGGRESSIVE;
				CLANG_CXX_LANGUAGE_STANDARD = "gnu++14";
				CLANG_CXX_LIBRARY = "libc++";
				CLANG_ENABLE_MODULES = YES;
				CLANG_ENABLE_OBJC_ARC = YES;
				CLANG_ENABLE_OBJC_WEAK = YES;
				CLANG_WARN_BLOCK_CAPTURE_AUTORELEASING = YES;
				CLANG_WARN_BOOL_CONVERSION = YES;
				CLANG_WARN_COMMA = YES;
				CLANG_WARN_CONSTANT_CONVERSION = YES;
				CLANG_WARN_DEPRECATED_OBJC_IMPLEMENTATIONS = YES;
				CLANG_WARN_DIRECT_OBJC_ISA_USAGE = YES_ERROR;
				CLANG_WARN_DOCUMENTATION_COMMENTS = YES;
				CLANG_WARN_EMPTY_BODY = YES;
				CLANG_WARN_ENUM_CONVERSION = YES;
				CLANG_WARN_INFINITE_RECURSION = YES;
				CLANG_WARN_INT_CONVERSION = YES;
				CLANG_WARN_NON_LITERAL_NULL_CONVERSION = YES;
				CLANG_WARN_OBJC_IMPLICIT_RETAIN_SELF = YES;
				CLANG_WARN_OBJC_LITERAL_CONVERSION = YES;
				CLANG_WARN_OBJC_ROOT_CLASS = YES_ERROR;
				CLANG_WARN_QUOTED_INCLUDE_IN_FRAMEWORK_HEADER = YES;
				CLANG_WARN_RANGE_LOOP_ANALYSIS = YES;
				CLANG_WARN_STRICT_PROTOTYPES = YES;
				CLANG_WARN_SUSPICIOUS_MOVE = YES;
				CLANG_WARN_UNGUARDED_AVAILABILITY = YES_AGGRESSIVE;
				CLANG_WARN_UNREACHABLE_CODE = YES;
				CLANG_WARN__DUPLICATE_METHOD_MATCH = YES;
				COPY_PHASE_STRIP = NO;
				DEBUG_INFORMATION_FORMAT = "dwarf-with-dsym";
				ENABLE_NS_ASSERTIONS = NO;
				ENABLE_STRICT_OBJC_MSGSEND = YES;
				GCC_C_LANGUAGE_STANDARD = gnu11;
				GCC_NO_COMMON_BLOCKS = YES;
				GCC_WARN_64_TO_32_BIT_CONVERSION = YES;
				GCC_WARN_ABOUT_RETURN_TYPE = YES_ERROR;
				GCC_WARN_UNDECLARED_SELECTOR = YES;
				GCC_WARN_UNINITIALIZED_AUTOS = YES_AGGRESSIVE;
				GCC_WARN_UNUSED_FUNCTION = YES;
				GCC_WARN_UNUSED_VARIABLE = YES;
				IPHONEOS_DEPLOYMENT_TARGET = 14.4;
				MTL_ENABLE_DEBUG_INFO = NO;
				MTL_FAST_MATH = YES;
				SDKROOT = iphoneos;
				SWIFT_COMPILATION_MODE = wholemodule;
				SWIFT_OPTIMIZATION_LEVEL = "-O";
				VALIDATE_PRODUCT = YES;
			};
			name = Release;
		};
		B537F65A25F25C9700B51383 /* Debug */ = {
			isa = XCBuildConfiguration;
			buildSettings = {
				ALWAYS_EMBED_SWIFT_STANDARD_LIBRARIES = YES;
				ASSETCATALOG_COMPILER_APPICON_NAME = AppIcon;
				ASSETCATALOG_COMPILER_GLOBAL_ACCENT_COLOR_NAME = AccentColor;
				CODE_SIGN_STYLE = Automatic;
				DEVELOPMENT_TEAM = AXMNT4R7ZB;
				INFOPLIST_FILE = FlicksBox/Info.plist;
				IPHONEOS_DEPLOYMENT_TARGET = 14.1;
				LD_RUNPATH_SEARCH_PATHS = (
					"$(inherited)",
					"@executable_path/Frameworks",
				);
				PRODUCT_BUNDLE_IDENTIFIER = flicksbox.FlicksBox;
				PRODUCT_NAME = "$(TARGET_NAME)";
				SWIFT_VERSION = 5.0;
				TARGETED_DEVICE_FAMILY = 1;
			};
			name = Debug;
		};
		B537F65B25F25C9700B51383 /* Release */ = {
			isa = XCBuildConfiguration;
			buildSettings = {
				ALWAYS_EMBED_SWIFT_STANDARD_LIBRARIES = YES;
				ASSETCATALOG_COMPILER_APPICON_NAME = AppIcon;
				ASSETCATALOG_COMPILER_GLOBAL_ACCENT_COLOR_NAME = AccentColor;
				CODE_SIGN_STYLE = Automatic;
				DEVELOPMENT_TEAM = AXMNT4R7ZB;
				INFOPLIST_FILE = FlicksBox/Info.plist;
				IPHONEOS_DEPLOYMENT_TARGET = 14.1;
				LD_RUNPATH_SEARCH_PATHS = (
					"$(inherited)",
					"@executable_path/Frameworks",
				);
				PRODUCT_BUNDLE_IDENTIFIER = flicksbox.FlicksBox;
				PRODUCT_NAME = "$(TARGET_NAME)";
				SWIFT_VERSION = 5.0;
				TARGETED_DEVICE_FAMILY = 1;
			};
			name = Release;
		};
		B563054625F45A0F00A9ED21 /* Debug */ = {
			isa = XCBuildConfiguration;
			buildSettings = {
				CLANG_ENABLE_MODULES = YES;
				CODE_SIGN_STYLE = Automatic;
				CURRENT_PROJECT_VERSION = 1;
				DEFINES_MODULE = YES;
				DEVELOPMENT_TEAM = AXMNT4R7ZB;
				DYLIB_COMPATIBILITY_VERSION = 1;
				DYLIB_CURRENT_VERSION = 1;
				DYLIB_INSTALL_NAME_BASE = "@rpath";
				INFOPLIST_FILE = Hermes/Info.plist;
				INSTALL_PATH = "$(LOCAL_LIBRARY_DIR)/Frameworks";
				IPHONEOS_DEPLOYMENT_TARGET = 14.1;
				LD_RUNPATH_SEARCH_PATHS = (
					"$(inherited)",
					"@executable_path/Frameworks",
					"@loader_path/Frameworks",
				);
				PRODUCT_BUNDLE_IDENTIFIER = flicksbox.Hermes;
				PRODUCT_NAME = "$(TARGET_NAME:c99extidentifier)";
				SKIP_INSTALL = YES;
				SWIFT_OPTIMIZATION_LEVEL = "-Onone";
				SWIFT_VERSION = 5.0;
				TARGETED_DEVICE_FAMILY = "1,2";
				VERSIONING_SYSTEM = "apple-generic";
				VERSION_INFO_PREFIX = "";
			};
			name = Debug;
		};
		B563054725F45A0F00A9ED21 /* Release */ = {
			isa = XCBuildConfiguration;
			buildSettings = {
				CLANG_ENABLE_MODULES = YES;
				CODE_SIGN_STYLE = Automatic;
				CURRENT_PROJECT_VERSION = 1;
				DEFINES_MODULE = YES;
				DEVELOPMENT_TEAM = AXMNT4R7ZB;
				DYLIB_COMPATIBILITY_VERSION = 1;
				DYLIB_CURRENT_VERSION = 1;
				DYLIB_INSTALL_NAME_BASE = "@rpath";
				INFOPLIST_FILE = Hermes/Info.plist;
				INSTALL_PATH = "$(LOCAL_LIBRARY_DIR)/Frameworks";
				IPHONEOS_DEPLOYMENT_TARGET = 14.1;
				LD_RUNPATH_SEARCH_PATHS = (
					"$(inherited)",
					"@executable_path/Frameworks",
					"@loader_path/Frameworks",
				);
				PRODUCT_BUNDLE_IDENTIFIER = flicksbox.Hermes;
				PRODUCT_NAME = "$(TARGET_NAME:c99extidentifier)";
				SKIP_INSTALL = YES;
				SWIFT_VERSION = 5.0;
				TARGETED_DEVICE_FAMILY = "1,2";
				VERSIONING_SYSTEM = "apple-generic";
				VERSION_INFO_PREFIX = "";
			};
			name = Release;
		};
		B563055B25F45ADC00A9ED21 /* Debug */ = {
			isa = XCBuildConfiguration;
			buildSettings = {
				CODE_SIGN_STYLE = Automatic;
				CURRENT_PROJECT_VERSION = 1;
				DEFINES_MODULE = YES;
				DEVELOPMENT_TEAM = AXMNT4R7ZB;
				DYLIB_COMPATIBILITY_VERSION = 1;
				DYLIB_CURRENT_VERSION = 1;
				DYLIB_INSTALL_NAME_BASE = "@rpath";
				INFOPLIST_FILE = Botticelli/Info.plist;
				INSTALL_PATH = "$(LOCAL_LIBRARY_DIR)/Frameworks";
				IPHONEOS_DEPLOYMENT_TARGET = 14.1;
				LD_RUNPATH_SEARCH_PATHS = (
					"$(inherited)",
					"@executable_path/Frameworks",
					"@loader_path/Frameworks",
				);
				PRODUCT_BUNDLE_IDENTIFIER = flicksbox.Botticelli;
				PRODUCT_NAME = "$(TARGET_NAME:c99extidentifier)";
				SKIP_INSTALL = YES;
				SWIFT_VERSION = 5.0;
				TARGETED_DEVICE_FAMILY = "1,2";
				VERSIONING_SYSTEM = "apple-generic";
				VERSION_INFO_PREFIX = "";
			};
			name = Debug;
		};
		B563055C25F45ADC00A9ED21 /* Release */ = {
			isa = XCBuildConfiguration;
			buildSettings = {
				CODE_SIGN_STYLE = Automatic;
				CURRENT_PROJECT_VERSION = 1;
				DEFINES_MODULE = YES;
				DEVELOPMENT_TEAM = AXMNT4R7ZB;
				DYLIB_COMPATIBILITY_VERSION = 1;
				DYLIB_CURRENT_VERSION = 1;
				DYLIB_INSTALL_NAME_BASE = "@rpath";
				INFOPLIST_FILE = Botticelli/Info.plist;
				INSTALL_PATH = "$(LOCAL_LIBRARY_DIR)/Frameworks";
				IPHONEOS_DEPLOYMENT_TARGET = 14.1;
				LD_RUNPATH_SEARCH_PATHS = (
					"$(inherited)",
					"@executable_path/Frameworks",
					"@loader_path/Frameworks",
				);
				PRODUCT_BUNDLE_IDENTIFIER = flicksbox.Botticelli;
				PRODUCT_NAME = "$(TARGET_NAME:c99extidentifier)";
				SKIP_INSTALL = YES;
				SWIFT_VERSION = 5.0;
				TARGETED_DEVICE_FAMILY = "1,2";
				VERSIONING_SYSTEM = "apple-generic";
				VERSION_INFO_PREFIX = "";
			};
			name = Release;
		};
/* End XCBuildConfiguration section */

/* Begin XCConfigurationList section */
		B537F64025F25C8A00B51383 /* Build configuration list for PBXProject "FlicksBox" */ = {
			isa = XCConfigurationList;
			buildConfigurations = (
				B537F65725F25C9700B51383 /* Debug */,
				B537F65825F25C9700B51383 /* Release */,
			);
			defaultConfigurationIsVisible = 0;
			defaultConfigurationName = Release;
		};
		B537F65925F25C9700B51383 /* Build configuration list for PBXNativeTarget "FlicksBox" */ = {
			isa = XCConfigurationList;
			buildConfigurations = (
				B537F65A25F25C9700B51383 /* Debug */,
				B537F65B25F25C9700B51383 /* Release */,
			);
			defaultConfigurationIsVisible = 0;
			defaultConfigurationName = Release;
		};
		B563054825F45A0F00A9ED21 /* Build configuration list for PBXNativeTarget "Hermes" */ = {
			isa = XCConfigurationList;
			buildConfigurations = (
				B563054625F45A0F00A9ED21 /* Debug */,
				B563054725F45A0F00A9ED21 /* Release */,
			);
			defaultConfigurationIsVisible = 0;
			defaultConfigurationName = Release;
		};
		B563055A25F45ADC00A9ED21 /* Build configuration list for PBXNativeTarget "Botticelli" */ = {
			isa = XCConfigurationList;
			buildConfigurations = (
				B563055B25F45ADC00A9ED21 /* Debug */,
				B563055C25F45ADC00A9ED21 /* Release */,
			);
			defaultConfigurationIsVisible = 0;
			defaultConfigurationName = Release;
		};
/* End XCConfigurationList section */
	};
	rootObject = B537F63D25F25C8A00B51383 /* Project object */;
}
